// !$*UTF8*$!
{
	archiveVersion = 1;
	classes = {
	};
	objectVersion = 55;
	objects = {

/* Begin PBXBuildFile section */
		2F20A7F9960EC8C8C25D2787 /* Pods_Tinkoff.framework in Frameworks */ = {isa = PBXBuildFile; fileRef = B59646E364AF3BA36CF240C4 /* Pods_Tinkoff.framework */; };
		84201AF8292B94C7001761C4 /* NewsDetailTableViewCell.swift in Sources */ = {isa = PBXBuildFile; fileRef = 84201AF7292B94C7001761C4 /* NewsDetailTableViewCell.swift */; };
		84201AFA292B9FBD001761C4 /* AttractionsDetailsTableViewCell.swift in Sources */ = {isa = PBXBuildFile; fileRef = 84201AF9292B9FBD001761C4 /* AttractionsDetailsTableViewCell.swift */; };
		84201AFC292BA229001761C4 /* MapPointDetailTableViewCell.swift in Sources */ = {isa = PBXBuildFile; fileRef = 84201AFB292BA229001761C4 /* MapPointDetailTableViewCell.swift */; };
		844393522902F48F0072B958 /* Cells.strings in Resources */ = {isa = PBXBuildFile; fileRef = 844393512902F48F0072B958 /* Cells.strings */; };
		844393542902F5900072B958 /* Modules.strings in Resources */ = {isa = PBXBuildFile; fileRef = 844393532902F5900072B958 /* Modules.strings */; };
		844393562905BA820072B958 /* NetworkService.swift in Sources */ = {isa = PBXBuildFile; fileRef = 844393552905BA820072B958 /* NetworkService.swift */; };
		8443935B2905BD1B0072B958 /* EndPoints.swift in Sources */ = {isa = PBXBuildFile; fileRef = 8443935A2905BD1B0072B958 /* EndPoints.swift */; };
		8443935F290650450072B958 /* DataService.swift in Sources */ = {isa = PBXBuildFile; fileRef = 8443935E290650450072B958 /* DataService.swift */; };
		84439361290651180072B958 /* AlertMessages.strings in Resources */ = {isa = PBXBuildFile; fileRef = 84439360290651180072B958 /* AlertMessages.strings */; };
		84439363290655630072B958 /* Services.strings in Resources */ = {isa = PBXBuildFile; fileRef = 84439362290655630072B958 /* Services.strings */; };
		844DCC73290150BC0070D674 /* DetailViewModelProtocol.swift in Sources */ = {isa = PBXBuildFile; fileRef = 844DCC72290150BC0070D674 /* DetailViewModelProtocol.swift */; };
		844DCC77290151010070D674 /* DetailsViewModel.swift in Sources */ = {isa = PBXBuildFile; fileRef = 844DCC76290151010070D674 /* DetailsViewModel.swift */; };
		844DCC792901518C0070D674 /* NewsDetailViewController.swift in Sources */ = {isa = PBXBuildFile; fileRef = 844DCC782901518C0070D674 /* NewsDetailViewController.swift */; };
		844DCC7B290158B30070D674 /* AttractionDetailViewController.swift in Sources */ = {isa = PBXBuildFile; fileRef = 844DCC7A290158B30070D674 /* AttractionDetailViewController.swift */; };
		844DCC7F2902F1980070D674 /* R.generated.swift in Sources */ = {isa = PBXBuildFile; fileRef = 844DCC7E2902F1980070D674 /* R.generated.swift */; };
		8466327E291842F400EB6E9D /* MapPoints.swift in Sources */ = {isa = PBXBuildFile; fileRef = 8466327D291842F400EB6E9D /* MapPoints.swift */; };
		84663281291919C500EB6E9D /* Tinkoff.xcdatamodeld in Sources */ = {isa = PBXBuildFile; fileRef = 8466327F291919C500EB6E9D /* Tinkoff.xcdatamodeld */; };
		84B4A76628FD1759001D2CD3 /* AppDelegate.swift in Sources */ = {isa = PBXBuildFile; fileRef = 84B4A76528FD1759001D2CD3 /* AppDelegate.swift */; };
		84B4A76A28FD1759001D2CD3 /* NewsViewController.swift in Sources */ = {isa = PBXBuildFile; fileRef = 84B4A76928FD1759001D2CD3 /* NewsViewController.swift */; };
		84B4A77228FD175D001D2CD3 /* Assets.xcassets in Resources */ = {isa = PBXBuildFile; fileRef = 84B4A77128FD175D001D2CD3 /* Assets.xcassets */; };
		84B4A77528FD175D001D2CD3 /* LaunchScreen.storyboard in Resources */ = {isa = PBXBuildFile; fileRef = 84B4A77328FD175D001D2CD3 /* LaunchScreen.storyboard */; };
		84B4A77E28FD1F11001D2CD3 /* .swiftlint.yml in Resources */ = {isa = PBXBuildFile; fileRef = 84B4A77D28FD1F11001D2CD3 /* .swiftlint.yml */; };
		84B4A78228FD209C001D2CD3 /* NewsPresenter.swift in Sources */ = {isa = PBXBuildFile; fileRef = 84B4A78128FD209C001D2CD3 /* NewsPresenter.swift */; };
		84B4A78428FD20A7001D2CD3 /* NewsBuilder.swift in Sources */ = {isa = PBXBuildFile; fileRef = 84B4A78328FD20A7001D2CD3 /* NewsBuilder.swift */; };
		84B4A78728FD22D4001D2CD3 /* NewsTableViewCell.swift in Sources */ = {isa = PBXBuildFile; fileRef = 84B4A78628FD22D4001D2CD3 /* NewsTableViewCell.swift */; };
		84B4A78A28FD25BC001D2CD3 /* News.swift in Sources */ = {isa = PBXBuildFile; fileRef = 84B4A78928FD25BC001D2CD3 /* News.swift */; };
		84B4A78D28FD30C9001D2CD3 /* AttractionsViewController.swift in Sources */ = {isa = PBXBuildFile; fileRef = 84B4A78C28FD30C9001D2CD3 /* AttractionsViewController.swift */; };
		84B4A78F28FD30D9001D2CD3 /* AttractionsPresenter.swift in Sources */ = {isa = PBXBuildFile; fileRef = 84B4A78E28FD30D9001D2CD3 /* AttractionsPresenter.swift */; };
		84B4A79128FD30E3001D2CD3 /* AttractionsBuilder.swift in Sources */ = {isa = PBXBuildFile; fileRef = 84B4A79028FD30E3001D2CD3 /* AttractionsBuilder.swift */; };
		84B4A79328FD31DA001D2CD3 /* Attraction.swift in Sources */ = {isa = PBXBuildFile; fileRef = 84B4A79228FD31DA001D2CD3 /* Attraction.swift */; };
		84B4A79528FD3345001D2CD3 /* AttractionsTableViewCell.swift in Sources */ = {isa = PBXBuildFile; fileRef = 84B4A79428FD3345001D2CD3 /* AttractionsTableViewCell.swift */; };
		84B4A79828FD37D5001D2CD3 /* CateringViewController.swift in Sources */ = {isa = PBXBuildFile; fileRef = 84B4A79728FD37D5001D2CD3 /* CateringViewController.swift */; };
		84B4A79A28FD3827001D2CD3 /* CateringPresenter.swift in Sources */ = {isa = PBXBuildFile; fileRef = 84B4A79928FD3827001D2CD3 /* CateringPresenter.swift */; };
		84B4A79C28FD3836001D2CD3 /* CateringBuilder.swift in Sources */ = {isa = PBXBuildFile; fileRef = 84B4A79B28FD3836001D2CD3 /* CateringBuilder.swift */; };
		84B4A79F28FD3AFE001D2CD3 /* StartService.swift in Sources */ = {isa = PBXBuildFile; fileRef = 84B4A79E28FD3AFE001D2CD3 /* StartService.swift */; };
		84B4A7A228FD3B54001D2CD3 /* SplashScreenViewController.swift in Sources */ = {isa = PBXBuildFile; fileRef = 84B4A7A128FD3B54001D2CD3 /* SplashScreenViewController.swift */; };
		84B4A7A428FD3B66001D2CD3 /* SplashScreenPresenter.swift in Sources */ = {isa = PBXBuildFile; fileRef = 84B4A7A328FD3B66001D2CD3 /* SplashScreenPresenter.swift */; };
		84B4A7A628FD3B70001D2CD3 /* SplashScreenBuilder.swift in Sources */ = {isa = PBXBuildFile; fileRef = 84B4A7A528FD3B70001D2CD3 /* SplashScreenBuilder.swift */; };
		84B4A7A928FD5EF8001D2CD3 /* TabBarViewController.swift in Sources */ = {isa = PBXBuildFile; fileRef = 84B4A7A828FD5EF8001D2CD3 /* TabBarViewController.swift */; };
		84E62624292209E200419161 /* MapPointDetailViewController.swift in Sources */ = {isa = PBXBuildFile; fileRef = 84E62623292209E200419161 /* MapPointDetailViewController.swift */; };
		84E62626292215A800419161 /* MapPointsAnnotation.swift in Sources */ = {isa = PBXBuildFile; fileRef = 84E62625292215A800419161 /* MapPointsAnnotation.swift */; };
/* End PBXBuildFile section */

/* Begin PBXFileReference section */
		10710DEA7C0B5CDD4ED77948 /* Pods-Tinkoff.debug.xcconfig */ = {isa = PBXFileReference; includeInIndex = 1; lastKnownFileType = text.xcconfig; name = "Pods-Tinkoff.debug.xcconfig"; path = "Target Support Files/Pods-Tinkoff/Pods-Tinkoff.debug.xcconfig"; sourceTree = "<group>"; };
		84201AF7292B94C7001761C4 /* NewsDetailTableViewCell.swift */ = {isa = PBXFileReference; lastKnownFileType = sourcecode.swift; path = NewsDetailTableViewCell.swift; sourceTree = "<group>"; };
		84201AF9292B9FBD001761C4 /* AttractionsDetailsTableViewCell.swift */ = {isa = PBXFileReference; lastKnownFileType = sourcecode.swift; path = AttractionsDetailsTableViewCell.swift; sourceTree = "<group>"; };
		84201AFB292BA229001761C4 /* MapPointDetailTableViewCell.swift */ = {isa = PBXFileReference; lastKnownFileType = sourcecode.swift; path = MapPointDetailTableViewCell.swift; sourceTree = "<group>"; };
		844393512902F48F0072B958 /* Cells.strings */ = {isa = PBXFileReference; lastKnownFileType = text.plist.strings; path = Cells.strings; sourceTree = "<group>"; };
		844393532902F5900072B958 /* Modules.strings */ = {isa = PBXFileReference; lastKnownFileType = text.plist.strings; path = Modules.strings; sourceTree = "<group>"; };
		844393552905BA820072B958 /* NetworkService.swift */ = {isa = PBXFileReference; lastKnownFileType = sourcecode.swift; path = NetworkService.swift; sourceTree = "<group>"; };
		8443935A2905BD1B0072B958 /* EndPoints.swift */ = {isa = PBXFileReference; lastKnownFileType = sourcecode.swift; path = EndPoints.swift; sourceTree = "<group>"; };
		8443935E290650450072B958 /* DataService.swift */ = {isa = PBXFileReference; lastKnownFileType = sourcecode.swift; path = DataService.swift; sourceTree = "<group>"; };
		84439360290651180072B958 /* AlertMessages.strings */ = {isa = PBXFileReference; lastKnownFileType = text.plist.strings; path = AlertMessages.strings; sourceTree = "<group>"; };
		84439362290655630072B958 /* Services.strings */ = {isa = PBXFileReference; lastKnownFileType = text.plist.strings; path = Services.strings; sourceTree = "<group>"; };
		844DCC72290150BC0070D674 /* DetailViewModelProtocol.swift */ = {isa = PBXFileReference; lastKnownFileType = sourcecode.swift; path = DetailViewModelProtocol.swift; sourceTree = "<group>"; };
		844DCC76290151010070D674 /* DetailsViewModel.swift */ = {isa = PBXFileReference; lastKnownFileType = sourcecode.swift; path = DetailsViewModel.swift; sourceTree = "<group>"; };
		844DCC782901518C0070D674 /* NewsDetailViewController.swift */ = {isa = PBXFileReference; lastKnownFileType = sourcecode.swift; path = NewsDetailViewController.swift; sourceTree = "<group>"; };
		844DCC7A290158B30070D674 /* AttractionDetailViewController.swift */ = {isa = PBXFileReference; lastKnownFileType = sourcecode.swift; path = AttractionDetailViewController.swift; sourceTree = "<group>"; };
		844DCC7E2902F1980070D674 /* R.generated.swift */ = {isa = PBXFileReference; fileEncoding = 4; lastKnownFileType = sourcecode.swift; path = R.generated.swift; sourceTree = "<group>"; };
		8466327D291842F400EB6E9D /* MapPoints.swift */ = {isa = PBXFileReference; lastKnownFileType = sourcecode.swift; path = MapPoints.swift; sourceTree = "<group>"; };
		84663280291919C500EB6E9D /* Tinkoff.xcdatamodel */ = {isa = PBXFileReference; lastKnownFileType = wrapper.xcdatamodel; path = Tinkoff.xcdatamodel; sourceTree = "<group>"; };
		84B4A76228FD1759001D2CD3 /* Tinkoff.app */ = {isa = PBXFileReference; explicitFileType = wrapper.application; includeInIndex = 0; path = Tinkoff.app; sourceTree = BUILT_PRODUCTS_DIR; };
		84B4A76528FD1759001D2CD3 /* AppDelegate.swift */ = {isa = PBXFileReference; lastKnownFileType = sourcecode.swift; path = AppDelegate.swift; sourceTree = "<group>"; };
		84B4A76928FD1759001D2CD3 /* NewsViewController.swift */ = {isa = PBXFileReference; lastKnownFileType = sourcecode.swift; path = NewsViewController.swift; sourceTree = "<group>"; };
		84B4A77128FD175D001D2CD3 /* Assets.xcassets */ = {isa = PBXFileReference; lastKnownFileType = folder.assetcatalog; path = Assets.xcassets; sourceTree = "<group>"; };
		84B4A77428FD175D001D2CD3 /* Base */ = {isa = PBXFileReference; lastKnownFileType = file.storyboard; name = Base; path = Base.lproj/LaunchScreen.storyboard; sourceTree = "<group>"; };
		84B4A77628FD175D001D2CD3 /* Info.plist */ = {isa = PBXFileReference; lastKnownFileType = text.plist.xml; path = Info.plist; sourceTree = "<group>"; };
		84B4A77D28FD1F11001D2CD3 /* .swiftlint.yml */ = {isa = PBXFileReference; lastKnownFileType = text.yaml; path = .swiftlint.yml; sourceTree = "<group>"; };
		84B4A78128FD209C001D2CD3 /* NewsPresenter.swift */ = {isa = PBXFileReference; lastKnownFileType = sourcecode.swift; path = NewsPresenter.swift; sourceTree = "<group>"; };
		84B4A78328FD20A7001D2CD3 /* NewsBuilder.swift */ = {isa = PBXFileReference; lastKnownFileType = sourcecode.swift; path = NewsBuilder.swift; sourceTree = "<group>"; };
		84B4A78628FD22D4001D2CD3 /* NewsTableViewCell.swift */ = {isa = PBXFileReference; lastKnownFileType = sourcecode.swift; path = NewsTableViewCell.swift; sourceTree = "<group>"; };
		84B4A78928FD25BC001D2CD3 /* News.swift */ = {isa = PBXFileReference; lastKnownFileType = sourcecode.swift; path = News.swift; sourceTree = "<group>"; };
		84B4A78C28FD30C9001D2CD3 /* AttractionsViewController.swift */ = {isa = PBXFileReference; lastKnownFileType = sourcecode.swift; path = AttractionsViewController.swift; sourceTree = "<group>"; };
		84B4A78E28FD30D9001D2CD3 /* AttractionsPresenter.swift */ = {isa = PBXFileReference; lastKnownFileType = sourcecode.swift; path = AttractionsPresenter.swift; sourceTree = "<group>"; };
		84B4A79028FD30E3001D2CD3 /* AttractionsBuilder.swift */ = {isa = PBXFileReference; lastKnownFileType = sourcecode.swift; path = AttractionsBuilder.swift; sourceTree = "<group>"; };
		84B4A79228FD31DA001D2CD3 /* Attraction.swift */ = {isa = PBXFileReference; lastKnownFileType = sourcecode.swift; path = Attraction.swift; sourceTree = "<group>"; };
		84B4A79428FD3345001D2CD3 /* AttractionsTableViewCell.swift */ = {isa = PBXFileReference; lastKnownFileType = sourcecode.swift; path = AttractionsTableViewCell.swift; sourceTree = "<group>"; };
		84B4A79728FD37D5001D2CD3 /* CateringViewController.swift */ = {isa = PBXFileReference; lastKnownFileType = sourcecode.swift; path = CateringViewController.swift; sourceTree = "<group>"; };
		84B4A79928FD3827001D2CD3 /* CateringPresenter.swift */ = {isa = PBXFileReference; lastKnownFileType = sourcecode.swift; path = CateringPresenter.swift; sourceTree = "<group>"; };
		84B4A79B28FD3836001D2CD3 /* CateringBuilder.swift */ = {isa = PBXFileReference; lastKnownFileType = sourcecode.swift; path = CateringBuilder.swift; sourceTree = "<group>"; };
		84B4A79E28FD3AFE001D2CD3 /* StartService.swift */ = {isa = PBXFileReference; lastKnownFileType = sourcecode.swift; path = StartService.swift; sourceTree = "<group>"; };
		84B4A7A128FD3B54001D2CD3 /* SplashScreenViewController.swift */ = {isa = PBXFileReference; lastKnownFileType = sourcecode.swift; path = SplashScreenViewController.swift; sourceTree = "<group>"; };
		84B4A7A328FD3B66001D2CD3 /* SplashScreenPresenter.swift */ = {isa = PBXFileReference; lastKnownFileType = sourcecode.swift; path = SplashScreenPresenter.swift; sourceTree = "<group>"; };
		84B4A7A528FD3B70001D2CD3 /* SplashScreenBuilder.swift */ = {isa = PBXFileReference; lastKnownFileType = sourcecode.swift; path = SplashScreenBuilder.swift; sourceTree = "<group>"; };
		84B4A7A828FD5EF8001D2CD3 /* TabBarViewController.swift */ = {isa = PBXFileReference; lastKnownFileType = sourcecode.swift; path = TabBarViewController.swift; sourceTree = "<group>"; };
		84E62623292209E200419161 /* MapPointDetailViewController.swift */ = {isa = PBXFileReference; lastKnownFileType = sourcecode.swift; path = MapPointDetailViewController.swift; sourceTree = "<group>"; };
		84E62625292215A800419161 /* MapPointsAnnotation.swift */ = {isa = PBXFileReference; lastKnownFileType = sourcecode.swift; path = MapPointsAnnotation.swift; sourceTree = "<group>"; };
		B59646E364AF3BA36CF240C4 /* Pods_Tinkoff.framework */ = {isa = PBXFileReference; explicitFileType = wrapper.framework; includeInIndex = 0; path = Pods_Tinkoff.framework; sourceTree = BUILT_PRODUCTS_DIR; };
		C26A54A539ACD1B82A954AFE /* Pods-Tinkoff.release.xcconfig */ = {isa = PBXFileReference; includeInIndex = 1; lastKnownFileType = text.xcconfig; name = "Pods-Tinkoff.release.xcconfig"; path = "Target Support Files/Pods-Tinkoff/Pods-Tinkoff.release.xcconfig"; sourceTree = "<group>"; };
/* End PBXFileReference section */

/* Begin PBXFrameworksBuildPhase section */
		84B4A75F28FD1759001D2CD3 /* Frameworks */ = {
			isa = PBXFrameworksBuildPhase;
			buildActionMask = 2147483647;
			files = (
				2F20A7F9960EC8C8C25D2787 /* Pods_Tinkoff.framework in Frameworks */,
			);
			runOnlyForDeploymentPostprocessing = 0;
		};
/* End PBXFrameworksBuildPhase section */

/* Begin PBXGroup section */
		4B5520DC648AFA00D783A676 /* Pods */ = {
			isa = PBXGroup;
			children = (
				10710DEA7C0B5CDD4ED77948 /* Pods-Tinkoff.debug.xcconfig */,
				C26A54A539ACD1B82A954AFE /* Pods-Tinkoff.release.xcconfig */,
			);
			path = Pods;
			sourceTree = "<group>";
		};
		844DCC632900425A0070D674 /* Details */ = {
			isa = PBXGroup;
			children = (
				844DCC72290150BC0070D674 /* DetailViewModelProtocol.swift */,
				844DCC76290151010070D674 /* DetailsViewModel.swift */,
				844DCC7C29015A6D0070D674 /* DetailControllers */,
			);
			path = Details;
			sourceTree = "<group>";
		};
		844DCC7C29015A6D0070D674 /* DetailControllers */ = {
			isa = PBXGroup;
			children = (
				844DCC7A290158B30070D674 /* AttractionDetailViewController.swift */,
				844DCC782901518C0070D674 /* NewsDetailViewController.swift */,
				84E62623292209E200419161 /* MapPointDetailViewController.swift */,
			);
			path = DetailControllers;
			sourceTree = "<group>";
		};
		844DCC802902F38A0070D674 /* Localization */ = {
			isa = PBXGroup;
			children = (
				844393512902F48F0072B958 /* Cells.strings */,
				844393532902F5900072B958 /* Modules.strings */,
				84439360290651180072B958 /* AlertMessages.strings */,
				84439362290655630072B958 /* Services.strings */,
			);
			path = Localization;
			sourceTree = "<group>";
		};
		84B4A75928FD1759001D2CD3 = {
			isa = PBXGroup;
			children = (
				84B4A77D28FD1F11001D2CD3 /* .swiftlint.yml */,
				844DCC7E2902F1980070D674 /* R.generated.swift */,
				84B4A76428FD1759001D2CD3 /* Tinkoff */,
				84B4A76328FD1759001D2CD3 /* Products */,
				4B5520DC648AFA00D783A676 /* Pods */,
				9B43AE394193C940D723936E /* Frameworks */,
			);
			sourceTree = "<group>";
		};
		84B4A76328FD1759001D2CD3 /* Products */ = {
			isa = PBXGroup;
			children = (
				84B4A76228FD1759001D2CD3 /* Tinkoff.app */,
			);
			name = Products;
			sourceTree = "<group>";
		};
		84B4A76428FD1759001D2CD3 /* Tinkoff */ = {
			isa = PBXGroup;
			children = (
				844DCC802902F38A0070D674 /* Localization */,
				84B4A79D28FD3AED001D2CD3 /* Services */,
				84B4A78828FD25AE001D2CD3 /* Models */,
				84B4A78528FD22BC001D2CD3 /* Cells */,
				84B4A77F28FD204B001D2CD3 /* Modules */,
				84B4A76528FD1759001D2CD3 /* AppDelegate.swift */,
				84B4A77128FD175D001D2CD3 /* Assets.xcassets */,
				84B4A77328FD175D001D2CD3 /* LaunchScreen.storyboard */,
				84B4A77628FD175D001D2CD3 /* Info.plist */,
				8466327F291919C500EB6E9D /* Tinkoff.xcdatamodeld */,
			);
			path = Tinkoff;
			sourceTree = "<group>";
		};
		84B4A77F28FD204B001D2CD3 /* Modules */ = {
			isa = PBXGroup;
			children = (
				844DCC632900425A0070D674 /* Details */,
				84B4A7A728FD5EDE001D2CD3 /* TabBar */,
				84B4A7A028FD3B39001D2CD3 /* SplashScreen */,
				84B4A79628FD373C001D2CD3 /* Catering */,
				84B4A78B28FD30A4001D2CD3 /* Attractions */,
				84B4A78028FD206E001D2CD3 /* News */,
			);
			path = Modules;
			sourceTree = "<group>";
		};
		84B4A78028FD206E001D2CD3 /* News */ = {
			isa = PBXGroup;
			children = (
				84B4A76928FD1759001D2CD3 /* NewsViewController.swift */,
				84B4A78128FD209C001D2CD3 /* NewsPresenter.swift */,
				84B4A78328FD20A7001D2CD3 /* NewsBuilder.swift */,
			);
			path = News;
			sourceTree = "<group>";
		};
		84B4A78528FD22BC001D2CD3 /* Cells */ = {
			isa = PBXGroup;
			children = (
				84B4A78628FD22D4001D2CD3 /* NewsTableViewCell.swift */,
				84B4A79428FD3345001D2CD3 /* AttractionsTableViewCell.swift */,
				84201AF7292B94C7001761C4 /* NewsDetailTableViewCell.swift */,
				84201AF9292B9FBD001761C4 /* AttractionsDetailsTableViewCell.swift */,
				84201AFB292BA229001761C4 /* MapPointDetailTableViewCell.swift */,
			);
			path = Cells;
			sourceTree = "<group>";
		};
		84B4A78828FD25AE001D2CD3 /* Models */ = {
			isa = PBXGroup;
			children = (
				84B4A78928FD25BC001D2CD3 /* News.swift */,
				84B4A79228FD31DA001D2CD3 /* Attraction.swift */,
				8443935A2905BD1B0072B958 /* EndPoints.swift */,
				8466327D291842F400EB6E9D /* MapPoints.swift */,
			);
			path = Models;
			sourceTree = "<group>";
		};
		84B4A78B28FD30A4001D2CD3 /* Attractions */ = {
			isa = PBXGroup;
			children = (
				84B4A78C28FD30C9001D2CD3 /* AttractionsViewController.swift */,
				84B4A78E28FD30D9001D2CD3 /* AttractionsPresenter.swift */,
				84B4A79028FD30E3001D2CD3 /* AttractionsBuilder.swift */,
			);
			path = Attractions;
			sourceTree = "<group>";
		};
		84B4A79628FD373C001D2CD3 /* Catering */ = {
			isa = PBXGroup;
			children = (
				84B4A79728FD37D5001D2CD3 /* CateringViewController.swift */,
				84B4A79928FD3827001D2CD3 /* CateringPresenter.swift */,
				84B4A79B28FD3836001D2CD3 /* CateringBuilder.swift */,
				84E62625292215A800419161 /* MapPointsAnnotation.swift */,
			);
			path = Catering;
			sourceTree = "<group>";
		};
		84B4A79D28FD3AED001D2CD3 /* Services */ = {
			isa = PBXGroup;
			children = (
				84B4A79E28FD3AFE001D2CD3 /* StartService.swift */,
				844393552905BA820072B958 /* NetworkService.swift */,
				8443935E290650450072B958 /* DataService.swift */,
			);
			path = Services;
			sourceTree = "<group>";
		};
		84B4A7A028FD3B39001D2CD3 /* SplashScreen */ = {
			isa = PBXGroup;
			children = (
				84B4A7A128FD3B54001D2CD3 /* SplashScreenViewController.swift */,
				84B4A7A328FD3B66001D2CD3 /* SplashScreenPresenter.swift */,
				84B4A7A528FD3B70001D2CD3 /* SplashScreenBuilder.swift */,
			);
			path = SplashScreen;
			sourceTree = "<group>";
		};
		84B4A7A728FD5EDE001D2CD3 /* TabBar */ = {
			isa = PBXGroup;
			children = (
				84B4A7A828FD5EF8001D2CD3 /* TabBarViewController.swift */,
			);
			path = TabBar;
			sourceTree = "<group>";
		};
		9B43AE394193C940D723936E /* Frameworks */ = {
			isa = PBXGroup;
			children = (
				B59646E364AF3BA36CF240C4 /* Pods_Tinkoff.framework */,
			);
			name = Frameworks;
			sourceTree = "<group>";
		};
/* End PBXGroup section */

/* Begin PBXNativeTarget section */
		84B4A76128FD1759001D2CD3 /* Tinkoff */ = {
			isa = PBXNativeTarget;
			buildConfigurationList = 84B4A77928FD175D001D2CD3 /* Build configuration list for PBXNativeTarget "Tinkoff" */;
			buildPhases = (
				8970F338B31C0B67BA2528E7 /* [CP] Check Pods Manifest.lock */,
				844DCC7D2902F00A0070D674 /* ShellScript */,
				84B4A75E28FD1759001D2CD3 /* Sources */,
				84B4A75F28FD1759001D2CD3 /* Frameworks */,
				84B4A76028FD1759001D2CD3 /* Resources */,
				283A2FA088A54C51B1C9108F /* [CP] Embed Pods Frameworks */,
				84B4A77C28FD1E91001D2CD3 /* ShellScript */,
			);
			buildRules = (
			);
			dependencies = (
			);
			name = Tinkoff;
			productName = Tinkoff;
			productReference = 84B4A76228FD1759001D2CD3 /* Tinkoff.app */;
			productType = "com.apple.product-type.application";
		};
/* End PBXNativeTarget section */

/* Begin PBXProject section */
		84B4A75A28FD1759001D2CD3 /* Project object */ = {
			isa = PBXProject;
			attributes = {
				BuildIndependentTargetsInParallel = 1;
				LastSwiftUpdateCheck = 1320;
				LastUpgradeCheck = 1320;
				TargetAttributes = {
					84B4A76128FD1759001D2CD3 = {
						CreatedOnToolsVersion = 13.2.1;
					};
				};
			};
			buildConfigurationList = 84B4A75D28FD1759001D2CD3 /* Build configuration list for PBXProject "Tinkoff" */;
			compatibilityVersion = "Xcode 13.0";
			developmentRegion = en;
			hasScannedForEncodings = 0;
			knownRegions = (
				en,
				Base,
			);
			mainGroup = 84B4A75928FD1759001D2CD3;
			productRefGroup = 84B4A76328FD1759001D2CD3 /* Products */;
			projectDirPath = "";
			projectRoot = "";
			targets = (
				84B4A76128FD1759001D2CD3 /* Tinkoff */,
			);
		};
/* End PBXProject section */

/* Begin PBXResourcesBuildPhase section */
		84B4A76028FD1759001D2CD3 /* Resources */ = {
			isa = PBXResourcesBuildPhase;
			buildActionMask = 2147483647;
			files = (
				844393522902F48F0072B958 /* Cells.strings in Resources */,
				844393542902F5900072B958 /* Modules.strings in Resources */,
				84B4A77E28FD1F11001D2CD3 /* .swiftlint.yml in Resources */,
				84439361290651180072B958 /* AlertMessages.strings in Resources */,
				84B4A77528FD175D001D2CD3 /* LaunchScreen.storyboard in Resources */,
				84439363290655630072B958 /* Services.strings in Resources */,
				84B4A77228FD175D001D2CD3 /* Assets.xcassets in Resources */,
			);
			runOnlyForDeploymentPostprocessing = 0;
		};
/* End PBXResourcesBuildPhase section */

/* Begin PBXShellScriptBuildPhase section */
		283A2FA088A54C51B1C9108F /* [CP] Embed Pods Frameworks */ = {
			isa = PBXShellScriptBuildPhase;
			buildActionMask = 2147483647;
			files = (
			);
			inputFileListPaths = (
				"${PODS_ROOT}/Target Support Files/Pods-Tinkoff/Pods-Tinkoff-frameworks-${CONFIGURATION}-input-files.xcfilelist",
			);
			name = "[CP] Embed Pods Frameworks";
			outputFileListPaths = (
				"${PODS_ROOT}/Target Support Files/Pods-Tinkoff/Pods-Tinkoff-frameworks-${CONFIGURATION}-output-files.xcfilelist",
			);
			runOnlyForDeploymentPostprocessing = 0;
			shellPath = /bin/sh;
			shellScript = "\"${PODS_ROOT}/Target Support Files/Pods-Tinkoff/Pods-Tinkoff-frameworks.sh\"\n";
			showEnvVarsInLog = 0;
		};
		844DCC7D2902F00A0070D674 /* ShellScript */ = {
			isa = PBXShellScriptBuildPhase;
			buildActionMask = 2147483647;
			files = (
			);
			inputFileListPaths = (
			);
			inputPaths = (
			);
			outputFileListPaths = (
			);
			outputPaths = (
				"$(DERIVED_FILE_DIR)/$SRCROOT/R.generated.swift ",
			);
			runOnlyForDeploymentPostprocessing = 0;
			shellPath = /bin/sh;
			shellScript = "\"$PODS_ROOT/R.swift/rswift\" generate \"$SRCROOT/R.generated.swift\"\n";
		};
		84B4A77C28FD1E91001D2CD3 /* ShellScript */ = {
			isa = PBXShellScriptBuildPhase;
			buildActionMask = 2147483647;
			files = (
			);
			inputFileListPaths = (
			);
			inputPaths = (
			);
			outputFileListPaths = (
			);
			outputPaths = (
			);
			runOnlyForDeploymentPostprocessing = 0;
			shellPath = /bin/sh;
			shellScript = "\"${PODS_ROOT}/SwiftLint/swiftlint\"\n";
		};
		8970F338B31C0B67BA2528E7 /* [CP] Check Pods Manifest.lock */ = {
			isa = PBXShellScriptBuildPhase;
			buildActionMask = 2147483647;
			files = (
			);
			inputFileListPaths = (
			);
			inputPaths = (
				"${PODS_PODFILE_DIR_PATH}/Podfile.lock",
				"${PODS_ROOT}/Manifest.lock",
			);
			name = "[CP] Check Pods Manifest.lock";
			outputFileListPaths = (
			);
			outputPaths = (
				"$(DERIVED_FILE_DIR)/Pods-Tinkoff-checkManifestLockResult.txt",
			);
			runOnlyForDeploymentPostprocessing = 0;
			shellPath = /bin/sh;
			shellScript = "diff \"${PODS_PODFILE_DIR_PATH}/Podfile.lock\" \"${PODS_ROOT}/Manifest.lock\" > /dev/null\nif [ $? != 0 ] ; then\n    # print error to STDERR\n    echo \"error: The sandbox is not in sync with the Podfile.lock. Run 'pod install' or update your CocoaPods installation.\" >&2\n    exit 1\nfi\n# This output is used by Xcode 'outputs' to avoid re-running this script phase.\necho \"SUCCESS\" > \"${SCRIPT_OUTPUT_FILE_0}\"\n";
			showEnvVarsInLog = 0;
		};
/* End PBXShellScriptBuildPhase section */

/* Begin PBXSourcesBuildPhase section */
		84B4A75E28FD1759001D2CD3 /* Sources */ = {
			isa = PBXSourcesBuildPhase;
			buildActionMask = 2147483647;
			files = (
				84B4A76A28FD1759001D2CD3 /* NewsViewController.swift in Sources */,
				844DCC7F2902F1980070D674 /* R.generated.swift in Sources */,
				84201AFA292B9FBD001761C4 /* AttractionsDetailsTableViewCell.swift in Sources */,
				84B4A78728FD22D4001D2CD3 /* NewsTableViewCell.swift in Sources */,
				84B4A79A28FD3827001D2CD3 /* CateringPresenter.swift in Sources */,
				84B4A7A628FD3B70001D2CD3 /* SplashScreenBuilder.swift in Sources */,
				8466327E291842F400EB6E9D /* MapPoints.swift in Sources */,
				84B4A7A228FD3B54001D2CD3 /* SplashScreenViewController.swift in Sources */,
				84B4A79828FD37D5001D2CD3 /* CateringViewController.swift in Sources */,
				844DCC77290151010070D674 /* DetailsViewModel.swift in Sources */,
				8443935F290650450072B958 /* DataService.swift in Sources */,
				844DCC792901518C0070D674 /* NewsDetailViewController.swift in Sources */,
				84201AF8292B94C7001761C4 /* NewsDetailTableViewCell.swift in Sources */,
				8443935B2905BD1B0072B958 /* EndPoints.swift in Sources */,
				84663281291919C500EB6E9D /* Tinkoff.xcdatamodeld in Sources */,
				84B4A76628FD1759001D2CD3 /* AppDelegate.swift in Sources */,
				84B4A7A928FD5EF8001D2CD3 /* TabBarViewController.swift in Sources */,
				84E62626292215A800419161 /* MapPointsAnnotation.swift in Sources */,
				84B4A79528FD3345001D2CD3 /* AttractionsTableViewCell.swift in Sources */,
				84B4A79128FD30E3001D2CD3 /* AttractionsBuilder.swift in Sources */,
				84B4A78F28FD30D9001D2CD3 /* AttractionsPresenter.swift in Sources */,
				84B4A79328FD31DA001D2CD3 /* Attraction.swift in Sources */,
				84B4A78A28FD25BC001D2CD3 /* News.swift in Sources */,
				84B4A78D28FD30C9001D2CD3 /* AttractionsViewController.swift in Sources */,
				84201AFC292BA229001761C4 /* MapPointDetailTableViewCell.swift in Sources */,
				84E62624292209E200419161 /* MapPointDetailViewController.swift in Sources */,
				844DCC73290150BC0070D674 /* DetailViewModelProtocol.swift in Sources */,
				84B4A79F28FD3AFE001D2CD3 /* StartService.swift in Sources */,
				84B4A78428FD20A7001D2CD3 /* NewsBuilder.swift in Sources */,
				84B4A78228FD209C001D2CD3 /* NewsPresenter.swift in Sources */,
				84B4A79C28FD3836001D2CD3 /* CateringBuilder.swift in Sources */,
				844DCC7B290158B30070D674 /* AttractionDetailViewController.swift in Sources */,
				844393562905BA820072B958 /* NetworkService.swift in Sources */,
				84B4A7A428FD3B66001D2CD3 /* SplashScreenPresenter.swift in Sources */,
			);
			runOnlyForDeploymentPostprocessing = 0;
		};
/* End PBXSourcesBuildPhase section */

/* Begin PBXVariantGroup section */
		84B4A77328FD175D001D2CD3 /* LaunchScreen.storyboard */ = {
			isa = PBXVariantGroup;
			children = (
				84B4A77428FD175D001D2CD3 /* Base */,
			);
			name = LaunchScreen.storyboard;
			sourceTree = "<group>";
		};
/* End PBXVariantGroup section */

/* Begin XCBuildConfiguration section */
		84B4A77728FD175D001D2CD3 /* Debug */ = {
			isa = XCBuildConfiguration;
			buildSettings = {
				ALWAYS_SEARCH_USER_PATHS = NO;
				CLANG_ANALYZER_NONNULL = YES;
				CLANG_ANALYZER_NUMBER_OBJECT_CONVERSION = YES_AGGRESSIVE;
				CLANG_CXX_LANGUAGE_STANDARD = "gnu++17";
				CLANG_CXX_LIBRARY = "libc++";
				CLANG_ENABLE_MODULES = YES;
				CLANG_ENABLE_OBJC_ARC = YES;
				CLANG_ENABLE_OBJC_WEAK = YES;
				CLANG_WARN_BLOCK_CAPTURE_AUTORELEASING = YES;
				CLANG_WARN_BOOL_CONVERSION = YES;
				CLANG_WARN_COMMA = YES;
				CLANG_WARN_CONSTANT_CONVERSION = YES;
				CLANG_WARN_DEPRECATED_OBJC_IMPLEMENTATIONS = YES;
				CLANG_WARN_DIRECT_OBJC_ISA_USAGE = YES_ERROR;
				CLANG_WARN_DOCUMENTATION_COMMENTS = YES;
				CLANG_WARN_EMPTY_BODY = YES;
				CLANG_WARN_ENUM_CONVERSION = YES;
				CLANG_WARN_INFINITE_RECURSION = YES;
				CLANG_WARN_INT_CONVERSION = YES;
				CLANG_WARN_NON_LITERAL_NULL_CONVERSION = YES;
				CLANG_WARN_OBJC_IMPLICIT_RETAIN_SELF = YES;
				CLANG_WARN_OBJC_LITERAL_CONVERSION = YES;
				CLANG_WARN_OBJC_ROOT_CLASS = YES_ERROR;
				CLANG_WARN_QUOTED_INCLUDE_IN_FRAMEWORK_HEADER = YES;
				CLANG_WARN_RANGE_LOOP_ANALYSIS = YES;
				CLANG_WARN_STRICT_PROTOTYPES = YES;
				CLANG_WARN_SUSPICIOUS_MOVE = YES;
				CLANG_WARN_UNGUARDED_AVAILABILITY = YES_AGGRESSIVE;
				CLANG_WARN_UNREACHABLE_CODE = YES;
				CLANG_WARN__DUPLICATE_METHOD_MATCH = YES;
				COPY_PHASE_STRIP = NO;
				DEBUG_INFORMATION_FORMAT = dwarf;
				ENABLE_STRICT_OBJC_MSGSEND = YES;
				ENABLE_TESTABILITY = YES;
				GCC_C_LANGUAGE_STANDARD = gnu11;
				GCC_DYNAMIC_NO_PIC = NO;
				GCC_NO_COMMON_BLOCKS = YES;
				GCC_OPTIMIZATION_LEVEL = 0;
				GCC_PREPROCESSOR_DEFINITIONS = (
					"DEBUG=1",
					"$(inherited)",
				);
				GCC_WARN_64_TO_32_BIT_CONVERSION = YES;
				GCC_WARN_ABOUT_RETURN_TYPE = YES_ERROR;
				GCC_WARN_UNDECLARED_SELECTOR = YES;
				GCC_WARN_UNINITIALIZED_AUTOS = YES_AGGRESSIVE;
				GCC_WARN_UNUSED_FUNCTION = YES;
				GCC_WARN_UNUSED_VARIABLE = YES;
				IPHONEOS_DEPLOYMENT_TARGET = 13.0;
				MTL_ENABLE_DEBUG_INFO = INCLUDE_SOURCE;
				MTL_FAST_MATH = YES;
				ONLY_ACTIVE_ARCH = YES;
				SDKROOT = iphoneos;
				SWIFT_ACTIVE_COMPILATION_CONDITIONS = DEBUG;
				SWIFT_OPTIMIZATION_LEVEL = "-Onone";
			};
			name = Debug;
		};
		84B4A77828FD175D001D2CD3 /* Release */ = {
			isa = XCBuildConfiguration;
			buildSettings = {
				ALWAYS_SEARCH_USER_PATHS = NO;
				CLANG_ANALYZER_NONNULL = YES;
				CLANG_ANALYZER_NUMBER_OBJECT_CONVERSION = YES_AGGRESSIVE;
				CLANG_CXX_LANGUAGE_STANDARD = "gnu++17";
				CLANG_CXX_LIBRARY = "libc++";
				CLANG_ENABLE_MODULES = YES;
				CLANG_ENABLE_OBJC_ARC = YES;
				CLANG_ENABLE_OBJC_WEAK = YES;
				CLANG_WARN_BLOCK_CAPTURE_AUTORELEASING = YES;
				CLANG_WARN_BOOL_CONVERSION = YES;
				CLANG_WARN_COMMA = YES;
				CLANG_WARN_CONSTANT_CONVERSION = YES;
				CLANG_WARN_DEPRECATED_OBJC_IMPLEMENTATIONS = YES;
				CLANG_WARN_DIRECT_OBJC_ISA_USAGE = YES_ERROR;
				CLANG_WARN_DOCUMENTATION_COMMENTS = YES;
				CLANG_WARN_EMPTY_BODY = YES;
				CLANG_WARN_ENUM_CONVERSION = YES;
				CLANG_WARN_INFINITE_RECURSION = YES;
				CLANG_WARN_INT_CONVERSION = YES;
				CLANG_WARN_NON_LITERAL_NULL_CONVERSION = YES;
				CLANG_WARN_OBJC_IMPLICIT_RETAIN_SELF = YES;
				CLANG_WARN_OBJC_LITERAL_CONVERSION = YES;
				CLANG_WARN_OBJC_ROOT_CLASS = YES_ERROR;
				CLANG_WARN_QUOTED_INCLUDE_IN_FRAMEWORK_HEADER = YES;
				CLANG_WARN_RANGE_LOOP_ANALYSIS = YES;
				CLANG_WARN_STRICT_PROTOTYPES = YES;
				CLANG_WARN_SUSPICIOUS_MOVE = YES;
				CLANG_WARN_UNGUARDED_AVAILABILITY = YES_AGGRESSIVE;
				CLANG_WARN_UNREACHABLE_CODE = YES;
				CLANG_WARN__DUPLICATE_METHOD_MATCH = YES;
				COPY_PHASE_STRIP = NO;
				DEBUG_INFORMATION_FORMAT = "dwarf-with-dsym";
				ENABLE_NS_ASSERTIONS = NO;
				ENABLE_STRICT_OBJC_MSGSEND = YES;
				GCC_C_LANGUAGE_STANDARD = gnu11;
				GCC_NO_COMMON_BLOCKS = YES;
				GCC_WARN_64_TO_32_BIT_CONVERSION = YES;
				GCC_WARN_ABOUT_RETURN_TYPE = YES_ERROR;
				GCC_WARN_UNDECLARED_SELECTOR = YES;
				GCC_WARN_UNINITIALIZED_AUTOS = YES_AGGRESSIVE;
				GCC_WARN_UNUSED_FUNCTION = YES;
				GCC_WARN_UNUSED_VARIABLE = YES;
				IPHONEOS_DEPLOYMENT_TARGET = 13.0;
				MTL_ENABLE_DEBUG_INFO = NO;
				MTL_FAST_MATH = YES;
				SDKROOT = iphoneos;
				SWIFT_COMPILATION_MODE = wholemodule;
				SWIFT_OPTIMIZATION_LEVEL = "-O";
				VALIDATE_PRODUCT = YES;
			};
			name = Release;
		};
		84B4A77A28FD175D001D2CD3 /* Debug */ = {
			isa = XCBuildConfiguration;
			baseConfigurationReference = 10710DEA7C0B5CDD4ED77948 /* Pods-Tinkoff.debug.xcconfig */;
			buildSettings = {
				ASSETCATALOG_COMPILER_APPICON_NAME = AppIcon;
				ASSETCATALOG_COMPILER_GLOBAL_ACCENT_COLOR_NAME = AccentColor;
				CODE_SIGN_STYLE = Automatic;
				CURRENT_PROJECT_VERSION = 1;
				DEVELOPMENT_TEAM = 9MHYTDB9DP;
				GENERATE_INFOPLIST_FILE = YES;
				INFOPLIST_FILE = Tinkoff/Info.plist;
				INFOPLIST_KEY_UIApplicationSupportsIndirectInputEvents = YES;
				INFOPLIST_KEY_UILaunchStoryboardName = LaunchScreen;
				INFOPLIST_KEY_UISupportedInterfaceOrientations_iPad = "UIInterfaceOrientationPortrait UIInterfaceOrientationPortraitUpsideDown UIInterfaceOrientationLandscapeLeft UIInterfaceOrientationLandscapeRight";
				INFOPLIST_KEY_UISupportedInterfaceOrientations_iPhone = "UIInterfaceOrientationPortrait UIInterfaceOrientationLandscapeLeft UIInterfaceOrientationLandscapeRight";
				IPHONEOS_DEPLOYMENT_TARGET = 13.0;
				LD_RUNPATH_SEARCH_PATHS = (
					"$(inherited)",
					"@executable_path/Frameworks",
				);
				MARKETING_VERSION = 1.0;
				PRODUCT_BUNDLE_IDENTIFIER = evorontsova.Tinkoff;
				PRODUCT_NAME = "$(TARGET_NAME)";
				SWIFT_EMIT_LOC_STRINGS = YES;
				SWIFT_VERSION = 5.0;
				TARGETED_DEVICE_FAMILY = "1,2";
			};
			name = Debug;
		};
		84B4A77B28FD175D001D2CD3 /* Release */ = {
			isa = XCBuildConfiguration;
			baseConfigurationReference = C26A54A539ACD1B82A954AFE /* Pods-Tinkoff.release.xcconfig */;
			buildSettings = {
				ASSETCATALOG_COMPILER_APPICON_NAME = AppIcon;
				ASSETCATALOG_COMPILER_GLOBAL_ACCENT_COLOR_NAME = AccentColor;
				CODE_SIGN_STYLE = Automatic;
				CURRENT_PROJECT_VERSION = 1;
				DEVELOPMENT_TEAM = 9MHYTDB9DP;
				GENERATE_INFOPLIST_FILE = YES;
				INFOPLIST_FILE = Tinkoff/Info.plist;
				INFOPLIST_KEY_UIApplicationSupportsIndirectInputEvents = YES;
				INFOPLIST_KEY_UILaunchStoryboardName = LaunchScreen;
				INFOPLIST_KEY_UISupportedInterfaceOrientations_iPad = "UIInterfaceOrientationPortrait UIInterfaceOrientationPortraitUpsideDown UIInterfaceOrientationLandscapeLeft UIInterfaceOrientationLandscapeRight";
				INFOPLIST_KEY_UISupportedInterfaceOrientations_iPhone = "UIInterfaceOrientationPortrait UIInterfaceOrientationLandscapeLeft UIInterfaceOrientationLandscapeRight";
				IPHONEOS_DEPLOYMENT_TARGET = 13.0;
				LD_RUNPATH_SEARCH_PATHS = (
					"$(inherited)",
					"@executable_path/Frameworks",
				);
				MARKETING_VERSION = 1.0;
				PRODUCT_BUNDLE_IDENTIFIER = evorontsova.Tinkoff;
				PRODUCT_NAME = "$(TARGET_NAME)";
				SWIFT_EMIT_LOC_STRINGS = YES;
				SWIFT_VERSION = 5.0;
				TARGETED_DEVICE_FAMILY = "1,2";
			};
			name = Release;
		};
/* End XCBuildConfiguration section */

/* Begin XCConfigurationList section */
		84B4A75D28FD1759001D2CD3 /* Build configuration list for PBXProject "Tinkoff" */ = {
			isa = XCConfigurationList;
			buildConfigurations = (
				84B4A77728FD175D001D2CD3 /* Debug */,
				84B4A77828FD175D001D2CD3 /* Release */,
			);
			defaultConfigurationIsVisible = 0;
			defaultConfigurationName = Release;
		};
		84B4A77928FD175D001D2CD3 /* Build configuration list for PBXNativeTarget "Tinkoff" */ = {
			isa = XCConfigurationList;
			buildConfigurations = (
				84B4A77A28FD175D001D2CD3 /* Debug */,
				84B4A77B28FD175D001D2CD3 /* Release */,
			);
			defaultConfigurationIsVisible = 0;
			defaultConfigurationName = Release;
		};
/* End XCConfigurationList section */

/* Begin XCVersionGroup section */
		8466327F291919C500EB6E9D /* Tinkoff.xcdatamodeld */ = {
			isa = XCVersionGroup;
			children = (
				84663280291919C500EB6E9D /* Tinkoff.xcdatamodel */,
			);
			currentVersion = 84663280291919C500EB6E9D /* Tinkoff.xcdatamodel */;
			path = Tinkoff.xcdatamodeld;
			sourceTree = "<group>";
			versionGroupType = wrapper.xcdatamodel;
		};
/* End XCVersionGroup section */
	};
	rootObject = 84B4A75A28FD1759001D2CD3 /* Project object */;
}
